# THIS IS AN AUTOGENERATED FILE. DO NOT EDIT THIS FILE DIRECTLY.
# yarn lockfile v1


"@types/glob@^5.0.32":
  version "5.0.32"
  resolved "http://r.npm.sankuai.com/@types/glob/download/@types/glob-5.0.32.tgz#aec5cfe987c72f099fdb1184452986aa506d5e8f"
  dependencies:
    "@types/minimatch" "*"
    "@types/node" "*"

"@types/minimatch@*":
  version "3.0.1"
  resolved "http://r.npm.sankuai.com/@types/minimatch/download/@types/minimatch-3.0.1.tgz#b683eb60be358304ef146f5775db4c0e3696a550"

"@types/node@*", "@types/node@^8.0.24":
  version "8.0.24"
  resolved "http://r.npm.sankuai.com/@types/node/download/@types/node-8.0.24.tgz#06c580084d9add1fb40c1510ef0b448961246fb1"

"@types/source-map@*":
  version "0.5.1"
  resolved "http://r.npm.sankuai.com/@types/source-map/download/@types/source-map-0.5.1.tgz#7e74db5d06ab373a712356eebfaea2fad0ea2367"

"@types/tapable@*":
  version "0.2.4"
  resolved "http://r.npm.sankuai.com/@types/tapable/download/@types/tapable-0.2.4.tgz#8181a228da46185439300e600c5ae3b3b3982585"

"@types/uglify-js@*":
  version "2.6.29"
  resolved "http://r.npm.sankuai.com/@types/uglify-js/download/@types/uglify-js-2.6.29.tgz#521347f69e20201d218f5991ae66e10878afcf1a"
  dependencies:
    "@types/source-map" "*"

"@types/webpack@^3.0.10":
  version "3.0.10"
  resolved "http://r.npm.sankuai.com/@types/webpack/download/@types/webpack-3.0.10.tgz#1d27db07df32109f8c882535b547aae4252fd53e"
  dependencies:
    "@types/node" "*"
    "@types/tapable" "*"
    "@types/uglify-js" "*"
